{
  "name": "thumbnail-list",
  "version": "0.2.6",
  "lockfileVersion": 3,
  "requires": true,
  "packages": {
    "": {
      "name": "thumbnail-list",
      "version": "0.2.6",
      "license": "MIT",
      "dependencies": {
        "classnames": "^2.3.1",
        "dayjs": "^1.10.7",
        "extract-img-url": "^0.1.2",
        "white-matter": "^0.3.0"
      },
      "engines": {
        "inkdrop": "^5.x"
      }
    },
    "node_modules/argparse": {
      "version": "2.0.1",
      "resolved": "https://registry.npmjs.org/argparse/-/argparse-2.0.1.tgz",
      "integrity": "sha512-8+9WqebbFzpX9OR+Wa6O29asIogeRMzcGtAINdpMHHyAg10f05aSFVBbcEqGf/PXw1EjAZ+q2/bEBg3DvurK3Q=="
    },
    "node_modules/classnames": {
      "version": "2.3.2",
      "resolved": "https://registry.npmjs.org/classnames/-/classnames-2.3.2.tgz",
      "integrity": "sha512-CSbhY4cFEJRe6/GQzIk5qXZ4Jeg5pcsP7b5peFSDpffpe1cqjASH/n9UTjBwOp6XpMSTwQ8Za2K5V02ueA7Tmw=="
    },
    "node_modules/dayjs": {
      "version": "1.11.8",
      "resolved": "https://registry.npmjs.org/dayjs/-/dayjs-1.11.8.tgz",
      "integrity": "sha512-LcgxzFoWMEPO7ggRv1Y2N31hUf2R0Vj7fuy/m+Bg1K8rr+KAs1AEy4y9jd5DXe8pbHgX+srkHNS7TH6Q6ZhYeQ=="
    },
    "node_modules/extract-img-url": {
      "version": "0.1.2",
      "resolved": "https://registry.npmjs.org/extract-img-url/-/extract-img-url-0.1.2.tgz",
      "integrity": "sha512-JYM4gwa7rSZ1P/y68NrwT7eNfiRRj4rQECvRPx9WyT4P/h8DPqnzozp8d4lQSrTgPjREE9CPengnohoN5sVoug=="
    },
    "node_modules/js-yaml": {
      "version": "4.1.0",
      "resolved": "https://registry.npmjs.org/js-yaml/-/js-yaml-4.1.0.tgz",
      "integrity": "sha512-wpxZs9NoxZaJESJGIZTyDEaYpl0FKSA+FB9aJiyemKhMwkxQg63h4T1KJgUGHpTqPDNRcmmYLugrRjJlBtWvRA==",
      "dependencies": {
        "argparse": "^2.0.1"
      },
      "bin": {
        "js-yaml": "bin/js-yaml.js"
      }
    },
    "node_modules/white-matter": {
      "version": "0.3.0",
      "resolved": "https://registry.npmjs.org/white-matter/-/white-matter-0.3.0.tgz",
      "integrity": "sha512-ZOqmKc9Up1DUERG+I1q2Av956BW3R7drJP3k6LruI6nE9sfLWLaukYymZv/CSMEc9FN3VuLhbReoF8jPc6+msw==",
      "dependencies": {
        "js-yaml": "^4.1.0"
      }
    }
  }
}
