{
  "name": "thumbnail-list",
  "version": "0.2.6",
  "lockfileVersion": 2,
  "requires": true,
  "packages": {
    "": {
      "name": "thumbnail-list",
      "version": "0.2.6",
      "license": "MIT",
      "dependencies": {
        "classnames": "^2.3.1",
        "dayjs": "^1.10.7",
        "extract-img-url": "^0.1.1",
        "white-matter": "^0.1.0"
      },
      "engines": {
        "inkdrop": "^5.x"
      }
    },
    "node_modules/argparse": {
      "version": "2.0.1",
      "resolved": "https://registry.npmjs.org/argparse/-/argparse-2.0.1.tgz",
      "integrity": "sha512-8+9WqebbFzpX9OR+Wa6O29asIogeRMzcGtAINdpMHHyAg10f05aSFVBbcEqGf/PXw1EjAZ+q2/bEBg3DvurK3Q=="
    },
    "node_modules/classnames": {
      "version": "2.3.1",
      "resolved": "https://registry.npmjs.org/classnames/-/classnames-2.3.1.tgz",
      "integrity": "sha512-OlQdbZ7gLfGarSqxesMesDa5uz7KFbID8Kpq/SxIoNGDqY8lSYs0D+hhtBXhcdB3rcbXArFr7vlHheLk1voeNA=="
    },
    "node_modules/dayjs": {
      "version": "1.11.5",
      "resolved": "https://registry.npmjs.org/dayjs/-/dayjs-1.11.5.tgz",
      "integrity": "sha512-CAdX5Q3YW3Gclyo5Vpqkgpj8fSdLQcRuzfX6mC6Phy0nfJ0eGYOeS7m4mt2plDWLAtA4TqTakvbboHvUxfe4iA=="
    },
    "node_modules/extract-img-url": {
      "version": "0.1.1",
      "resolved": "https://registry.npmjs.org/extract-img-url/-/extract-img-url-0.1.1.tgz",
      "integrity": "sha512-jh7UZm+jDz1xPkv1Ouws1+masL2PIsTN5FDzaZiDq7PO5OIK9m1Rt9d8IrnNV8XL1cgBRdI8fgNyZ/XfRY+xnQ=="
    },
    "node_modules/js-yaml": {
      "version": "4.1.0",
      "resolved": "https://registry.npmjs.org/js-yaml/-/js-yaml-4.1.0.tgz",
      "integrity": "sha512-wpxZs9NoxZaJESJGIZTyDEaYpl0FKSA+FB9aJiyemKhMwkxQg63h4T1KJgUGHpTqPDNRcmmYLugrRjJlBtWvRA==",
      "dependencies": {
        "argparse": "^2.0.1"
      },
      "bin": {
        "js-yaml": "bin/js-yaml.js"
      }
    },
    "node_modules/white-matter": {
      "version": "0.1.0",
      "resolved": "https://registry.npmjs.org/white-matter/-/white-matter-0.1.0.tgz",
      "integrity": "sha512-m7WVXylmtCYwhfDgwCqgLlnpbnE1L9GRHX976X9NI8P/mgp0ajaJq5JxQEry/7CENvtY3k2ACaF6NgZf1cJJVA==",
      "dependencies": {
        "js-yaml": "^4.1.0"
      }
    }
  },
  "dependencies": {
    "argparse": {
      "version": "2.0.1",
      "resolved": "https://registry.npmjs.org/argparse/-/argparse-2.0.1.tgz",
      "integrity": "sha512-8+9WqebbFzpX9OR+Wa6O29asIogeRMzcGtAINdpMHHyAg10f05aSFVBbcEqGf/PXw1EjAZ+q2/bEBg3DvurK3Q=="
    },
    "classnames": {
      "version": "2.3.1",
      "resolved": "https://registry.npmjs.org/classnames/-/classnames-2.3.1.tgz",
      "integrity": "sha512-OlQdbZ7gLfGarSqxesMesDa5uz7KFbID8Kpq/SxIoNGDqY8lSYs0D+hhtBXhcdB3rcbXArFr7vlHheLk1voeNA=="
    },
    "dayjs": {
      "version": "1.11.5",
      "resolved": "https://registry.npmjs.org/dayjs/-/dayjs-1.11.5.tgz",
      "integrity": "sha512-CAdX5Q3YW3Gclyo5Vpqkgpj8fSdLQcRuzfX6mC6Phy0nfJ0eGYOeS7m4mt2plDWLAtA4TqTakvbboHvUxfe4iA=="
    },
    "extract-img-url": {
      "version": "0.1.1",
      "resolved": "https://registry.npmjs.org/extract-img-url/-/extract-img-url-0.1.1.tgz",
      "integrity": "sha512-jh7UZm+jDz1xPkv1Ouws1+masL2PIsTN5FDzaZiDq7PO5OIK9m1Rt9d8IrnNV8XL1cgBRdI8fgNyZ/XfRY+xnQ=="
    },
    "js-yaml": {
      "version": "4.1.0",
      "resolved": "https://registry.npmjs.org/js-yaml/-/js-yaml-4.1.0.tgz",
      "integrity": "sha512-wpxZs9NoxZaJESJGIZTyDEaYpl0FKSA+FB9aJiyemKhMwkxQg63h4T1KJgUGHpTqPDNRcmmYLugrRjJlBtWvRA==",
      "requires": {
        "argparse": "^2.0.1"
      }
    },
    "white-matter": {
      "version": "0.1.0",
      "resolved": "https://registry.npmjs.org/white-matter/-/white-matter-0.1.0.tgz",
      "integrity": "sha512-m7WVXylmtCYwhfDgwCqgLlnpbnE1L9GRHX976X9NI8P/mgp0ajaJq5JxQEry/7CENvtY3k2ACaF6NgZf1cJJVA==",
      "requires": {
        "js-yaml": "^4.1.0"
      }
    }
  }
}
